
Microsoft Visual Studio Solution File, Format Version 12.00
# Visual Studio 15
VisualStudioVersion = 15.0.26430.14
MinimumVisualStudioVersion = 10.0.40219.1
Project("{FAE04EC0-301F-11D3-BF4B-00C04F79EFBC}") = "CustoDL", "CustoDL\CustoDL.csproj", "{24D05831-9D47-4EB9-AEF6-947CF543ACA3}"
EndProject
Project("{FAE04EC0-301F-11D3-BF4B-00C04F79EFBC}") = "RedisConfig", "RedisConfig\RedisConfig.csproj", "{841FE798-42C8-4A6A-8CC5-434793F6E30A}"
EndProject
Global
	GlobalSection(SolutionConfigurationPlatforms) = preSolution
		Debug|Any CPU = Debug|Any CPU
		Release|Any CPU = Release|Any CPU
	EndGlobalSection
	GlobalSection(ProjectConfigurationPlatforms) = postSolution
		{24D05831-9D47-4EB9-AEF6-947CF543ACA3}.Debug|Any CPU.ActiveCfg = Debug|Any CPU
		{24D05831-9D47-4EB9-AEF6-947CF543ACA3}.Debug|Any CPU.Build.0 = Debug|Any CPU
		{24D05831-9D47-4EB9-AEF6-947CF543ACA3}.Release|Any CPU.ActiveCfg = Release|Any CPU
		{24D05831-9D47-4EB9-AEF6-947CF543ACA3}.Release|Any CPU.Build.0 = Release|Any CPU
		{841FE798-42C8-4A6A-8CC5-434793F6E30A}.Debug|Any CPU.ActiveCfg = Debug|Any CPU
		{841FE798-42C8-4A6A-8CC5-434793F6E30A}.Debug|Any CPU.Build.0 = Debug|Any CPU
		{841FE798-42C8-4A6A-8CC5-434793F6E30A}.Release|Any CPU.ActiveCfg = Release|Any CPU
		{841FE798-42C8-4A6A-8CC5-434793F6E30A}.Release|Any CPU.Build.0 = Release|Any CPU
	EndGlobalSection
	GlobalSection(SolutionProperties) = preSolution
		HideSolutionNode = FALSE
	EndGlobalSection
EndGlobal
